
Microsoft Visual Studio Solution File, Format Version 12.00
# Visual Studio 15
VisualStudioVersion = 15.0.28307.329
MinimumVisualStudioVersion = 10.0.40219.1
Project("{E24C65DC-7377-472B-9ABA-BC803B73C61A}") = "StudyZone(Updated)", ".", "{6CF4141F-7F3F-418D-A7F0-0D4642F5B029}"
	ProjectSection(WebsiteProperties) = preProject
		TargetFrameworkMoniker = ".NETFramework,Version%3Dv4.5.2"
		Debug.AspNetCompiler.VirtualPath = "/localhost_63380"
		Debug.AspNetCompiler.PhysicalPath = "..\StudyZone(Updated)\"
		Debug.AspNetCompiler.TargetPath = "PrecompiledWeb\localhost_63380\"
		Debug.AspNetCompiler.Updateable = "true"
		Debug.AspNetCompiler.ForceOverwrite = "true"
		Debug.AspNetCompiler.FixedNames = "false"
		Debug.AspNetCompiler.Debug = "True"
		Release.AspNetCompiler.VirtualPath = "/localhost_63380"
		Release.AspNetCompiler.PhysicalPath = "..\StudyZone(Updated)\"
		Release.AspNetCompiler.TargetPath = "PrecompiledWeb\localhost_63380\"
		Release.AspNetCompiler.Updateable = "true"
		Release.AspNetCompiler.ForceOverwrite = "true"
		Release.AspNetCompiler.FixedNames = "false"
		Release.AspNetCompiler.Debug = "False"
		VWDPort = "63380"
		SlnRelativePath = "..\StudyZone(Updated)\"
	EndProjectSection
EndProject
Global
	GlobalSection(SolutionConfigurationPlatforms) = preSolution
		Debug|Any CPU = Debug|Any CPU
	EndGlobalSection
	GlobalSection(ProjectConfigurationPlatforms) = postSolution
		{6CF4141F-7F3F-418D-A7F0-0D4642F5B029}.Debug|Any CPU.ActiveCfg = Debug|Any CPU
		{6CF4141F-7F3F-418D-A7F0-0D4642F5B029}.Debug|Any CPU.Build.0 = Debug|Any CPU
	EndGlobalSection
	GlobalSection(SolutionProperties) = preSolution
		HideSolutionNode = FALSE
	EndGlobalSection
	GlobalSection(ExtensibilityGlobals) = postSolution
		SolutionGuid = {D9F4ACCD-1A6E-4EF0-B5DF-F66D25F32DDF}
	EndGlobalSection
EndGlobal
